// !$*UTF8*$!
{
	archiveVersion = 1;
	classes = {
	};
	objectVersion = 56;
	objects = {

/* Begin PBXBuildFile section */
		8A6C15C42ABF25AE000BFE75 /* GuideBookApp.swift in Sources */ = {isa = PBXBuildFile; fileRef = 8A6C15C32ABF25AE000BFE75 /* GuideBookApp.swift */; };
		8A6C15C62ABF25AE000BFE75 /* CityView.swift in Sources */ = {isa = PBXBuildFile; fileRef = 8A6C15C52ABF25AE000BFE75 /* CityView.swift */; };
		8A6C15C82ABF25AF000BFE75 /* Assets.xcassets in Resources */ = {isa = PBXBuildFile; fileRef = 8A6C15C72ABF25AF000BFE75 /* Assets.xcassets */; };
		8A6C15CB2ABF25AF000BFE75 /* Preview Assets.xcassets in Resources */ = {isa = PBXBuildFile; fileRef = 8A6C15CA2ABF25AF000BFE75 /* Preview Assets.xcassets */; };
		8A6C15D22ABF25F2000BFE75 /* AttractionView.swift in Sources */ = {isa = PBXBuildFile; fileRef = 8A6C15D12ABF25F2000BFE75 /* AttractionView.swift */; };
		8A6C15D62ABF29AE000BFE75 /* DataService .swift in Sources */ = {isa = PBXBuildFile; fileRef = 8A6C15D52ABF29AE000BFE75 /* DataService .swift */; };
		8A6C15D82ABF2A07000BFE75 /* City.swift in Sources */ = {isa = PBXBuildFile; fileRef = 8A6C15D72ABF2A07000BFE75 /* City.swift */; };
		8A6C15DA2ABF2A5E000BFE75 /* Attraction.swift in Sources */ = {isa = PBXBuildFile; fileRef = 8A6C15D92ABF2A5E000BFE75 /* Attraction.swift */; };
		8A6C15F82ABF369B000BFE75 /* CityCard.swift in Sources */ = {isa = PBXBuildFile; fileRef = 8A6C15F72ABF369B000BFE75 /* CityCard.swift */; };
		8A6C15FA2ABF3E5A000BFE75 /* AttractionRow.swift in Sources */ = {isa = PBXBuildFile; fileRef = 8A6C15F92ABF3E5A000BFE75 /* AttractionRow.swift */; };
		8A6C15FC2ABF41DF000BFE75 /* DetailView.swift in Sources */ = {isa = PBXBuildFile; fileRef = 8A6C15FB2ABF41DF000BFE75 /* DetailView.swift */; };
/* End PBXBuildFile section */

/* Begin PBXFileReference section */
		8A6C15C02ABF25AE000BFE75 /* GuideBook.app */ = {isa = PBXFileReference; explicitFileType = wrapper.application; includeInIndex = 0; path = GuideBook.app; sourceTree = BUILT_PRODUCTS_DIR; };
		8A6C15C32ABF25AE000BFE75 /* GuideBookApp.swift */ = {isa = PBXFileReference; lastKnownFileType = sourcecode.swift; path = GuideBookApp.swift; sourceTree = "<group>"; };
		8A6C15C52ABF25AE000BFE75 /* CityView.swift */ = {isa = PBXFileReference; lastKnownFileType = sourcecode.swift; path = CityView.swift; sourceTree = "<group>"; };
		8A6C15C72ABF25AF000BFE75 /* Assets.xcassets */ = {isa = PBXFileReference; lastKnownFileType = folder.assetcatalog; path = Assets.xcassets; sourceTree = "<group>"; };
		8A6C15CA2ABF25AF000BFE75 /* Preview Assets.xcassets */ = {isa = PBXFileReference; lastKnownFileType = folder.assetcatalog; path = "Preview Assets.xcassets"; sourceTree = "<group>"; };
		8A6C15D12ABF25F2000BFE75 /* AttractionView.swift */ = {isa = PBXFileReference; lastKnownFileType = sourcecode.swift; path = AttractionView.swift; sourceTree = "<group>"; };
		8A6C15D52ABF29AE000BFE75 /* DataService .swift */ = {isa = PBXFileReference; lastKnownFileType = sourcecode.swift; path = "DataService .swift"; sourceTree = "<group>"; };
		8A6C15D72ABF2A07000BFE75 /* City.swift */ = {isa = PBXFileReference; lastKnownFileType = sourcecode.swift; path = City.swift; sourceTree = "<group>"; };
		8A6C15D92ABF2A5E000BFE75 /* Attraction.swift */ = {isa = PBXFileReference; lastKnownFileType = sourcecode.swift; path = Attraction.swift; sourceTree = "<group>"; };
		8A6C15F72ABF369B000BFE75 /* CityCard.swift */ = {isa = PBXFileReference; lastKnownFileType = sourcecode.swift; path = CityCard.swift; sourceTree = "<group>"; };
		8A6C15F92ABF3E5A000BFE75 /* AttractionRow.swift */ = {isa = PBXFileReference; lastKnownFileType = sourcecode.swift; path = AttractionRow.swift; sourceTree = "<group>"; };
		8A6C15FB2ABF41DF000BFE75 /* DetailView.swift */ = {isa = PBXFileReference; lastKnownFileType = sourcecode.swift; path = DetailView.swift; sourceTree = "<group>"; };
/* End PBXFileReference section */

/* Begin PBXFrameworksBuildPhase section */
		8A6C15BD2ABF25AE000BFE75 /* Frameworks */ = {
			isa = PBXFrameworksBuildPhase;
			buildActionMask = 2147483647;
			files = (
			);
			runOnlyForDeploymentPostprocessing = 0;
		};
/* End PBXFrameworksBuildPhase section */

/* Begin PBXGroup section */
		8A6C15B72ABF25AE000BFE75 = {
			isa = PBXGroup;
			children = (
				8A6C15C22ABF25AE000BFE75 /* GuideBook */,
				8A6C15C12ABF25AE000BFE75 /* Products */,
			);
			sourceTree = "<group>";
		};
		8A6C15C12ABF25AE000BFE75 /* Products */ = {
			isa = PBXGroup;
			children = (
				8A6C15C02ABF25AE000BFE75 /* GuideBook.app */,
			);
			name = Products;
			sourceTree = "<group>";
		};
		8A6C15C22ABF25AE000BFE75 /* GuideBook */ = {
			isa = PBXGroup;
			children = (
				8A6C15C32ABF25AE000BFE75 /* GuideBookApp.swift */,
				8A6C15C52ABF25AE000BFE75 /* CityView.swift */,
				8A6C15D12ABF25F2000BFE75 /* AttractionView.swift */,
				8A6C15D52ABF29AE000BFE75 /* DataService .swift */,
				8A6C15C72ABF25AF000BFE75 /* Assets.xcassets */,
				8A6C15D72ABF2A07000BFE75 /* City.swift */,
				8A6C15D92ABF2A5E000BFE75 /* Attraction.swift */,
				8A6C15C92ABF25AF000BFE75 /* Preview Content */,
				8A6C15F72ABF369B000BFE75 /* CityCard.swift */,
				8A6C15F92ABF3E5A000BFE75 /* AttractionRow.swift */,
				8A6C15FB2ABF41DF000BFE75 /* DetailView.swift */,
			);
			path = GuideBook;
			sourceTree = "<group>";
		};
		8A6C15C92ABF25AF000BFE75 /* Preview Content */ = {
			isa = PBXGroup;
			children = (
				8A6C15CA2ABF25AF000BFE75 /* Preview Assets.xcassets */,
			);
			path = "Preview Content";
			sourceTree = "<group>";
		};
/* End PBXGroup section */

/* Begin PBXNativeTarget section */
		8A6C15BF2ABF25AE000BFE75 /* GuideBook */ = {
			isa = PBXNativeTarget;
			buildConfigurationList = 8A6C15CE2ABF25AF000BFE75 /* Build configuration list for PBXNativeTarget "GuideBook" */;
			buildPhases = (
				8A6C15BC2ABF25AE000BFE75 /* Sources */,
				8A6C15BD2ABF25AE000BFE75 /* Frameworks */,
				8A6C15BE2ABF25AE000BFE75 /* Resources */,
			);
			buildRules = (
			);
			dependencies = (
			);
			name = GuideBook;
			productName = GuideBook;
			productReference = 8A6C15C02ABF25AE000BFE75 /* GuideBook.app */;
			productType = "com.apple.product-type.application";
		};
/* End PBXNativeTarget section */

/* Begin PBXProject section */
		8A6C15B82ABF25AE000BFE75 /* Project object */ = {
			isa = PBXProject;
			attributes = {
				BuildIndependentTargetsInParallel = 1;
				LastSwiftUpdateCheck = 1430;
				LastUpgradeCheck = 1430;
				TargetAttributes = {
					8A6C15BF2ABF25AE000BFE75 = {
						CreatedOnToolsVersion = 14.3.1;
					};
				};
			};
			buildConfigurationList = 8A6C15BB2ABF25AE000BFE75 /* Build configuration list for PBXProject "GuideBook" */;
			compatibilityVersion = "Xcode 14.0";
			developmentRegion = en;
			hasScannedForEncodings = 0;
			knownRegions = (
				en,
				Base,
			);
			mainGroup = 8A6C15B72ABF25AE000BFE75;
			productRefGroup = 8A6C15C12ABF25AE000BFE75 /* Products */;
			projectDirPath = "";
			projectRoot = "";
			targets = (
				8A6C15BF2ABF25AE000BFE75 /* GuideBook */,
			);
		};
/* End PBXProject section */

/* Begin PBXResourcesBuildPhase section */
		8A6C15BE2ABF25AE000BFE75 /* Resources */ = {
			isa = PBXResourcesBuildPhase;
			buildActionMask = 2147483647;
			files = (
				8A6C15CB2ABF25AF000BFE75 /* Preview Assets.xcassets in Resources */,
				8A6C15C82ABF25AF000BFE75 /* Assets.xcassets in Resources */,
			);
			runOnlyForDeploymentPostprocessing = 0;
		};
/* End PBXResourcesBuildPhase section */

/* Begin PBXSourcesBuildPhase section */
		8A6C15BC2ABF25AE000BFE75 /* Sources */ = {
			isa = PBXSourcesBuildPhase;
			buildActionMask = 2147483647;
			files = (
				8A6C15D62ABF29AE000BFE75 /* DataService .swift in Sources */,
				8A6C15C62ABF25AE000BFE75 /* CityView.swift in Sources */,
				8A6C15FA2ABF3E5A000BFE75 /* AttractionRow.swift in Sources */,
				8A6C15FC2ABF41DF000BFE75 /* DetailView.swift in Sources */,
				8A6C15D82ABF2A07000BFE75 /* City.swift in Sources */,
				8A6C15DA2ABF2A5E000BFE75 /* Attraction.swift in Sources */,
				8A6C15F82ABF369B000BFE75 /* CityCard.swift in Sources */,
				8A6C15C42ABF25AE000BFE75 /* GuideBookApp.swift in Sources */,
				8A6C15D22ABF25F2000BFE75 /* AttractionView.swift in Sources */,
			);
			runOnlyForDeploymentPostprocessing = 0;
		};
/* End PBXSourcesBuildPhase section */

/* Begin XCBuildConfiguration section */
		8A6C15CC2ABF25AF000BFE75 /* Debug */ = {
			isa = XCBuildConfiguration;
			buildSettings = {
				ALWAYS_SEARCH_USER_PATHS = NO;
				CLANG_ANALYZER_NONNULL = YES;
				CLANG_ANALYZER_NUMBER_OBJECT_CONVERSION = YES_AGGRESSIVE;
				CLANG_CXX_LANGUAGE_STANDARD = "gnu++20";
				CLANG_ENABLE_MODULES = YES;
				CLANG_ENABLE_OBJC_ARC = YES;
				CLANG_ENABLE_OBJC_WEAK = YES;
				CLANG_WARN_BLOCK_CAPTURE_AUTORELEASING = YES;
				CLANG_WARN_BOOL_CONVERSION = YES;
				CLANG_WARN_COMMA = YES;
				CLANG_WARN_CONSTANT_CONVERSION = YES;
				CLANG_WARN_DEPRECATED_OBJC_IMPLEMENTATIONS = YES;
				CLANG_WARN_DIRECT_OBJC_ISA_USAGE = YES_ERROR;
				CLANG_WARN_DOCUMENTATION_COMMENTS = YES;
				CLANG_WARN_EMPTY_BODY = YES;
				CLANG_WARN_ENUM_CONVERSION = YES;
				CLANG_WARN_INFINITE_RECURSION = YES;
				CLANG_WARN_INT_CONVERSION = YES;
				CLANG_WARN_NON_LITERAL_NULL_CONVERSION = YES;
				CLANG_WARN_OBJC_IMPLICIT_RETAIN_SELF = YES;
				CLANG_WARN_OBJC_LITERAL_CONVERSION = YES;
				CLANG_WARN_OBJC_ROOT_CLASS = YES_ERROR;
				CLANG_WARN_QUOTED_INCLUDE_IN_FRAMEWORK_HEADER = YES;
				CLANG_WARN_RANGE_LOOP_ANALYSIS = YES;
				CLANG_WARN_STRICT_PROTOTYPES = YES;
				CLANG_WARN_SUSPICIOUS_MOVE = YES;
				CLANG_WARN_UNGUARDED_AVAILABILITY = YES_AGGRESSIVE;
				CLANG_WARN_UNREACHABLE_CODE = YES;
				CLANG_WARN__DUPLICATE_METHOD_MATCH = YES;
				COPY_PHASE_STRIP = NO;
				DEBUG_INFORMATION_FORMAT = dwarf;
				ENABLE_STRICT_OBJC_MSGSEND = YES;
				ENABLE_TESTABILITY = YES;
				GCC_C_LANGUAGE_STANDARD = gnu11;
				GCC_DYNAMIC_NO_PIC = NO;
				GCC_NO_COMMON_BLOCKS = YES;
				GCC_OPTIMIZATION_LEVEL = 0;
				GCC_PREPROCESSOR_DEFINITIONS = (
					"DEBUG=1",
					"$(inherited)",
				);
				GCC_WARN_64_TO_32_BIT_CONVERSION = YES;
				GCC_WARN_ABOUT_RETURN_TYPE = YES_ERROR;
				GCC_WARN_UNDECLARED_SELECTOR = YES;
				GCC_WARN_UNINITIALIZED_AUTOS = YES_AGGRESSIVE;
				GCC_WARN_UNUSED_FUNCTION = YES;
				GCC_WARN_UNUSED_VARIABLE = YES;
				IPHONEOS_DEPLOYMENT_TARGET = 16.4;
				MTL_ENABLE_DEBUG_INFO = INCLUDE_SOURCE;
				MTL_FAST_MATH = YES;
				ONLY_ACTIVE_ARCH = YES;
				SDKROOT = iphoneos;
				SWIFT_ACTIVE_COMPILATION_CONDITIONS = DEBUG;
				SWIFT_OPTIMIZATION_LEVEL = "-Onone";
			};
			name = Debug;
		};
		8A6C15CD2ABF25AF000BFE75 /* Release */ = {
			isa = XCBuildConfiguration;
			buildSettings = {
				ALWAYS_SEARCH_USER_PATHS = NO;
				CLANG_ANALYZER_NONNULL = YES;
				CLANG_ANALYZER_NUMBER_OBJECT_CONVERSION = YES_AGGRESSIVE;
				CLANG_CXX_LANGUAGE_STANDARD = "gnu++20";
				CLANG_ENABLE_MODULES = YES;
				CLANG_ENABLE_OBJC_ARC = YES;
				CLANG_ENABLE_OBJC_WEAK = YES;
				CLANG_WARN_BLOCK_CAPTURE_AUTORELEASING = YES;
				CLANG_WARN_BOOL_CONVERSION = YES;
				CLANG_WARN_COMMA = YES;
				CLANG_WARN_CONSTANT_CONVERSION = YES;
				CLANG_WARN_DEPRECATED_OBJC_IMPLEMENTATIONS = YES;
				CLANG_WARN_DIRECT_OBJC_ISA_USAGE = YES_ERROR;
				CLANG_WARN_DOCUMENTATION_COMMENTS = YES;
				CLANG_WARN_EMPTY_BODY = YES;
				CLANG_WARN_ENUM_CONVERSION = YES;
				CLANG_WARN_INFINITE_RECURSION = YES;
				CLANG_WARN_INT_CONVERSION = YES;
				CLANG_WARN_NON_LITERAL_NULL_CONVERSION = YES;
				CLANG_WARN_OBJC_IMPLICIT_RETAIN_SELF = YES;
				CLANG_WARN_OBJC_LITERAL_CONVERSION = YES;
				CLANG_WARN_OBJC_ROOT_CLASS = YES_ERROR;
				CLANG_WARN_QUOTED_INCLUDE_IN_FRAMEWORK_HEADER = YES;
				CLANG_WARN_RANGE_LOOP_ANALYSIS = YES;
				CLANG_WARN_STRICT_PROTOTYPES = YES;
				CLANG_WARN_SUSPICIOUS_MOVE = YES;
				CLANG_WARN_UNGUARDED_AVAILABILITY = YES_AGGRESSIVE;
				CLANG_WARN_UNREACHABLE_CODE = YES;
				CLANG_WARN__DUPLICATE_METHOD_MATCH = YES;
				COPY_PHASE_STRIP = NO;
				DEBUG_INFORMATION_FORMAT = "dwarf-with-dsym";
				ENABLE_NS_ASSERTIONS = NO;
				ENABLE_STRICT_OBJC_MSGSEND = YES;
				GCC_C_LANGUAGE_STANDARD = gnu11;
				GCC_NO_COMMON_BLOCKS = YES;
				GCC_WARN_64_TO_32_BIT_CONVERSION = YES;
				GCC_WARN_ABOUT_RETURN_TYPE = YES_ERROR;
				GCC_WARN_UNDECLARED_SELECTOR = YES;
				GCC_WARN_UNINITIALIZED_AUTOS = YES_AGGRESSIVE;
				GCC_WARN_UNUSED_FUNCTION = YES;
				GCC_WARN_UNUSED_VARIABLE = YES;
				IPHONEOS_DEPLOYMENT_TARGET = 16.4;
				MTL_ENABLE_DEBUG_INFO = NO;
				MTL_FAST_MATH = YES;
				SDKROOT = iphoneos;
				SWIFT_COMPILATION_MODE = wholemodule;
				SWIFT_OPTIMIZATION_LEVEL = "-O";
				VALIDATE_PRODUCT = YES;
			};
			name = Release;
		};
		8A6C15CF2ABF25AF000BFE75 /* Debug */ = {
			isa = XCBuildConfiguration;
			buildSettings = {
				ASSETCATALOG_COMPILER_APPICON_NAME = AppIcon;
				ASSETCATALOG_COMPILER_GLOBAL_ACCENT_COLOR_NAME = AccentColor;
				CODE_SIGN_STYLE = Automatic;
				CURRENT_PROJECT_VERSION = 1;
				DEVELOPMENT_ASSET_PATHS = "\"GuideBook/Preview Content\"";
				DEVELOPMENT_TEAM = 5V954C2Z5B;
				ENABLE_PREVIEWS = YES;
				GENERATE_INFOPLIST_FILE = YES;
				INFOPLIST_KEY_UIApplicationSceneManifest_Generation = YES;
				INFOPLIST_KEY_UIApplicationSupportsIndirectInputEvents = YES;
				INFOPLIST_KEY_UILaunchScreen_Generation = YES;
				INFOPLIST_KEY_UISupportedInterfaceOrientations_iPad = "UIInterfaceOrientationPortrait UIInterfaceOrientationPortraitUpsideDown UIInterfaceOrientationLandscapeLeft UIInterfaceOrientationLandscapeRight";
				INFOPLIST_KEY_UISupportedInterfaceOrientations_iPhone = "UIInterfaceOrientationPortrait UIInterfaceOrientationLandscapeLeft UIInterfaceOrientationLandscapeRight";
				IPHONEOS_DEPLOYMENT_TARGET = 16.0;
				LD_RUNPATH_SEARCH_PATHS = (
					"$(inherited)",
					"@executable_path/Frameworks",
				);
				MARKETING_VERSION = 1.0;
				PRODUCT_BUNDLE_IDENTIFIER = com.HoomanAzari.GuideBook;
				PRODUCT_NAME = "$(TARGET_NAME)";
				SWIFT_EMIT_LOC_STRINGS = YES;
				SWIFT_VERSION = 5.0;
				TARGETED_DEVICE_FAMILY = "1,2";
			};
			name = Debug;
		};
		8A6C15D02ABF25AF000BFE75 /* Release */ = {
			isa = XCBuildConfiguration;
			buildSettings = {
				ASSETCATALOG_COMPILER_APPICON_NAME = AppIcon;
				ASSETCATALOG_COMPILER_GLOBAL_ACCENT_COLOR_NAME = AccentColor;
				CODE_SIGN_STYLE = Automatic;
				CURRENT_PROJECT_VERSION = 1;
				DEVELOPMENT_ASSET_PATHS = "\"GuideBook/Preview Content\"";
				DEVELOPMENT_TEAM = 5V954C2Z5B;
				ENABLE_PREVIEWS = YES;
				GENERATE_INFOPLIST_FILE = YES;
				INFOPLIST_KEY_UIApplicationSceneManifest_Generation = YES;
				INFOPLIST_KEY_UIApplicationSupportsIndirectInputEvents = YES;
				INFOPLIST_KEY_UILaunchScreen_Generation = YES;
				INFOPLIST_KEY_UISupportedInterfaceOrientations_iPad = "UIInterfaceOrientationPortrait UIInterfaceOrientationPortraitUpsideDown UIInterfaceOrientationLandscapeLeft UIInterfaceOrientationLandscapeRight";
				INFOPLIST_KEY_UISupportedInterfaceOrientations_iPhone = "UIInterfaceOrientationPortrait UIInterfaceOrientationLandscapeLeft UIInterfaceOrientationLandscapeRight";
				IPHONEOS_DEPLOYMENT_TARGET = 16.0;
				LD_RUNPATH_SEARCH_PATHS = (
					"$(inherited)",
					"@executable_path/Frameworks",
				);
				MARKETING_VERSION = 1.0;
				PRODUCT_BUNDLE_IDENTIFIER = com.HoomanAzari.GuideBook;
				PRODUCT_NAME = "$(TARGET_NAME)";
				SWIFT_EMIT_LOC_STRINGS = YES;
				SWIFT_VERSION = 5.0;
				TARGETED_DEVICE_FAMILY = "1,2";
			};
			name = Release;
		};
/* End XCBuildConfiguration section */

/* Begin XCConfigurationList section */
		8A6C15BB2ABF25AE000BFE75 /* Build configuration list for PBXProject "GuideBook" */ = {
			isa = XCConfigurationList;
			buildConfigurations = (
				8A6C15CC2ABF25AF000BFE75 /* Debug */,
				8A6C15CD2ABF25AF000BFE75 /* Release */,
			);
			defaultConfigurationIsVisible = 0;
			defaultConfigurationName = Release;
		};
		8A6C15CE2ABF25AF000BFE75 /* Build configuration list for PBXNativeTarget "GuideBook" */ = {
			isa = XCConfigurationList;
			buildConfigurations = (
				8A6C15CF2ABF25AF000BFE75 /* Debug */,
				8A6C15D02ABF25AF000BFE75 /* Release */,
			);
			defaultConfigurationIsVisible = 0;
			defaultConfigurationName = Release;
		};
/* End XCConfigurationList section */
	};
	rootObject = 8A6C15B82ABF25AE000BFE75 /* Project object */;
}
